{
  "name": "phish_friends",
  "version": "1.0.0",
  "lockfileVersion": 2,
  "requires": true,
  "packages": {
    "": {
      "name": "phish_friends",
      "version": "1.0.0",
      "license": "ISC",
      "dependencies": {
        "uniforms": "^3.9.1",
        "uniforms-bridge-json-schema": "^3.9.1",
        "uniforms-semantic": "^3.9.1"
      }
    },
    "node_modules/classnames": {
      "version": "2.3.1",
      "resolved": "https://registry.npmjs.org/classnames/-/classnames-2.3.1.tgz",
      "integrity": "sha512-OlQdbZ7gLfGarSqxesMesDa5uz7KFbID8Kpq/SxIoNGDqY8lSYs0D+hhtBXhcdB3rcbXArFr7vlHheLk1voeNA=="
    },
    "node_modules/invariant": {
      "version": "2.2.4",
      "resolved": "https://registry.npmjs.org/invariant/-/invariant-2.2.4.tgz",
      "integrity": "sha512-phJfQVBuaJM5raOpJjSfkiD6BpbCE4Ns//LaXl6wGYtUBY83nWS6Rf9tXm2e8VaK60JEjYldbPif/A2B1C2gNA==",
      "dependencies": {
        "loose-envify": "^1.0.0"
      }
    },
    "node_modules/js-tokens": {
      "version": "4.0.0",
      "resolved": "https://registry.npmjs.org/js-tokens/-/js-tokens-4.0.0.tgz",
      "integrity": "sha512-RdJUflcE3cUzKiMqQgsCu06FPu9UdIJO0beYbPhHN4k6apgJtifcoCtT9bcxOpYBtpD2kCM6Sbzg4CausW/PKQ=="
    },
    "node_modules/lodash": {
      "version": "4.17.21",
      "resolved": "https://registry.npmjs.org/lodash/-/lodash-4.17.21.tgz",
      "integrity": "sha512-v2kDEe57lecTulaDIuNTPy3Ry4gLGJ6Z1O3vE1krgXZNrsQ+LFTGHVxVjcXPs17LhbZVGedAJv8XZ1tvj5FvSg=="
    },
    "node_modules/loose-envify": {
      "version": "1.4.0",
      "resolved": "https://registry.npmjs.org/loose-envify/-/loose-envify-1.4.0.tgz",
      "integrity": "sha512-lyuxPGr/Wfhrlem2CL/UcnUc1zcqKAImBDzukY7Y5F/yQiNdko6+fRLevlw1HgMySw7f611UIY408EtxRSoK3Q==",
      "dependencies": {
        "js-tokens": "^3.0.0 || ^4.0.0"
      },
      "bin": {
        "loose-envify": "cli.js"
      }
    },
    "node_modules/object-assign": {
      "version": "4.1.1",
      "resolved": "https://registry.npmjs.org/object-assign/-/object-assign-4.1.1.tgz",
      "integrity": "sha1-IQmtx5ZYh8/AXLvUQsrIv7s2CGM=",
      "peer": true,
      "engines": {
        "node": ">=0.10.0"
      }
    },
    "node_modules/react": {
      "version": "17.0.2",
      "resolved": "https://registry.npmjs.org/react/-/react-17.0.2.tgz",
      "integrity": "sha512-gnhPt75i/dq/z3/6q/0asP78D0u592D5L1pd7M8P+dck6Fu/jJeL6iVVK23fptSUZj8Vjf++7wXA8UNclGQcbA==",
      "peer": true,
      "dependencies": {
        "loose-envify": "^1.1.0",
        "object-assign": "^4.1.1"
      },
      "engines": {
        "node": ">=0.10.0"
      }
    },
    "node_modules/tslib": {
      "version": "2.4.0",
      "resolved": "https://registry.npmjs.org/tslib/-/tslib-2.4.0.tgz",
      "integrity": "sha512-d6xOpEDfsi2CZVlPQzGeux8XMwLT9hssAsaPYExaQMuYskwb+x1x7J371tWlbBdWHroy99KnVB6qIkUbs5X3UQ=="
    },
    "node_modules/uniforms": {
      "version": "3.9.1",
      "resolved": "https://registry.npmjs.org/uniforms/-/uniforms-3.9.1.tgz",
      "integrity": "sha512-kZ3aclOh7ofAbX/xk+n1chmzrgWpmCYZuGp0YA5OUPG94yTCv6MEvubgj4VtRhRySCr27PRmcDtWTrfYELs7eg==",
      "dependencies": {
        "invariant": "^2.0.0",
        "lodash": "^4.0.0",
        "tslib": "^2.2.0"
      },
      "funding": {
        "url": "https://github.com/vazco/uniforms?sponsor=1"
      },
      "peerDependencies": {
        "react": "^17.0.0 || ^16.8.0"
      }
    },
    "node_modules/uniforms-bridge-json-schema": {
      "version": "3.9.1",
      "resolved": "https://registry.npmjs.org/uniforms-bridge-json-schema/-/uniforms-bridge-json-schema-3.9.1.tgz",
      "integrity": "sha512-aCUd2gkjnRW2V3NimAevLboRKpnygHsGy2Jb/ojFSH5zB2tC148GmkUk2jHfQ0NqwnptVh4xurbxBjstLBXA6Q==",
      "dependencies": {
        "invariant": "^2.0.0",
        "lodash": "^4.0.0",
        "tslib": "^2.2.0",
        "uniforms": "^3.9.1"
      },
      "funding": {
        "url": "https://github.com/vazco/uniforms?sponsor=1"
      }
    },
    "node_modules/uniforms-semantic": {
      "version": "3.9.1",
      "resolved": "https://registry.npmjs.org/uniforms-semantic/-/uniforms-semantic-3.9.1.tgz",
      "integrity": "sha512-447EY5oQhmCzjiVwXSRGLAlyqDX5Qx19C3ER1y1UuYHwUUkZrPn+iK7YsMz5mwr+8FPAxLFZITPlXu/rvHJrDQ==",
      "dependencies": {
        "classnames": "^2.0.0",
        "invariant": "^2.0.0",
        "lodash": "^4.0.0",
        "tslib": "^2.2.0",
        "uniforms": "^3.9.1"
      },
      "funding": {
        "url": "https://github.com/vazco/uniforms?sponsor=1"
      },
      "peerDependencies": {
        "react": "^17.0.0 || ^16.8.0"
      }
    }
  },
  "dependencies": {
    "classnames": {
      "version": "2.3.1",
      "resolved": "https://registry.npmjs.org/classnames/-/classnames-2.3.1.tgz",
      "integrity": "sha512-OlQdbZ7gLfGarSqxesMesDa5uz7KFbID8Kpq/SxIoNGDqY8lSYs0D+hhtBXhcdB3rcbXArFr7vlHheLk1voeNA=="
    },
    "invariant": {
      "version": "2.2.4",
      "resolved": "https://registry.npmjs.org/invariant/-/invariant-2.2.4.tgz",
      "integrity": "sha512-phJfQVBuaJM5raOpJjSfkiD6BpbCE4Ns//LaXl6wGYtUBY83nWS6Rf9tXm2e8VaK60JEjYldbPif/A2B1C2gNA==",
      "requires": {
        "loose-envify": "^1.0.0"
      }
    },
    "js-tokens": {
      "version": "4.0.0",
      "resolved": "https://registry.npmjs.org/js-tokens/-/js-tokens-4.0.0.tgz",
      "integrity": "sha512-RdJUflcE3cUzKiMqQgsCu06FPu9UdIJO0beYbPhHN4k6apgJtifcoCtT9bcxOpYBtpD2kCM6Sbzg4CausW/PKQ=="
    },
    "lodash": {
      "version": "4.17.21",
      "resolved": "https://registry.npmjs.org/lodash/-/lodash-4.17.21.tgz",
      "integrity": "sha512-v2kDEe57lecTulaDIuNTPy3Ry4gLGJ6Z1O3vE1krgXZNrsQ+LFTGHVxVjcXPs17LhbZVGedAJv8XZ1tvj5FvSg=="
    },
    "loose-envify": {
      "version": "1.4.0",
      "resolved": "https://registry.npmjs.org/loose-envify/-/loose-envify-1.4.0.tgz",
      "integrity": "sha512-lyuxPGr/Wfhrlem2CL/UcnUc1zcqKAImBDzukY7Y5F/yQiNdko6+fRLevlw1HgMySw7f611UIY408EtxRSoK3Q==",
      "requires": {
        "js-tokens": "^3.0.0 || ^4.0.0"
      }
    },
    "object-assign": {
      "version": "4.1.1",
      "resolved": "https://registry.npmjs.org/object-assign/-/object-assign-4.1.1.tgz",
      "integrity": "sha1-IQmtx5ZYh8/AXLvUQsrIv7s2CGM=",
      "peer": true
    },
    "react": {
      "version": "17.0.2",
      "resolved": "https://registry.npmjs.org/react/-/react-17.0.2.tgz",
      "integrity": "sha512-gnhPt75i/dq/z3/6q/0asP78D0u592D5L1pd7M8P+dck6Fu/jJeL6iVVK23fptSUZj8Vjf++7wXA8UNclGQcbA==",
      "peer": true,
      "requires": {
        "loose-envify": "^1.1.0",
        "object-assign": "^4.1.1"
      }
    },
    "tslib": {
      "version": "2.4.0",
      "resolved": "https://registry.npmjs.org/tslib/-/tslib-2.4.0.tgz",
      "integrity": "sha512-d6xOpEDfsi2CZVlPQzGeux8XMwLT9hssAsaPYExaQMuYskwb+x1x7J371tWlbBdWHroy99KnVB6qIkUbs5X3UQ=="
    },
    "uniforms": {
      "version": "3.9.1",
      "resolved": "https://registry.npmjs.org/uniforms/-/uniforms-3.9.1.tgz",
      "integrity": "sha512-kZ3aclOh7ofAbX/xk+n1chmzrgWpmCYZuGp0YA5OUPG94yTCv6MEvubgj4VtRhRySCr27PRmcDtWTrfYELs7eg==",
      "requires": {
        "invariant": "^2.0.0",
        "lodash": "^4.0.0",
        "tslib": "^2.2.0"
      }
    },
    "uniforms-bridge-json-schema": {
      "version": "3.9.1",
      "resolved": "https://registry.npmjs.org/uniforms-bridge-json-schema/-/uniforms-bridge-json-schema-3.9.1.tgz",
      "integrity": "sha512-aCUd2gkjnRW2V3NimAevLboRKpnygHsGy2Jb/ojFSH5zB2tC148GmkUk2jHfQ0NqwnptVh4xurbxBjstLBXA6Q==",
      "requires": {
        "invariant": "^2.0.0",
        "lodash": "^4.0.0",
        "tslib": "^2.2.0",
        "uniforms": "^3.9.1"
      }
    },
    "uniforms-semantic": {
      "version": "3.9.1",
      "resolved": "https://registry.npmjs.org/uniforms-semantic/-/uniforms-semantic-3.9.1.tgz",
      "integrity": "sha512-447EY5oQhmCzjiVwXSRGLAlyqDX5Qx19C3ER1y1UuYHwUUkZrPn+iK7YsMz5mwr+8FPAxLFZITPlXu/rvHJrDQ==",
      "requires": {
        "classnames": "^2.0.0",
        "invariant": "^2.0.0",
        "lodash": "^4.0.0",
        "tslib": "^2.2.0",
        "uniforms": "^3.9.1"
      }
    }
  }
}
